
Microsoft Visual Studio Solution File, Format Version 12.00
# Visual Studio 15
VisualStudioVersion = 15.0.26124.0
MinimumVisualStudioVersion = 15.0.26124.0
Project("{9A19103F-16F7-4668-BE54-9A1E7A4F7556}") = "R5T.D0043.Construction", "R5T.D0043.Construction\R5T.D0043.Construction.csproj", "{31E77793-0CC9-4DA6-8C35-65ED3A36926A}"
EndProject
Project("{9A19103F-16F7-4668-BE54-9A1E7A4F7556}") = "R5T.D0043", "R5T.D0043\R5T.D0043.csproj", "{5A54C9D8-FB05-4C6B-A191-725DAFEC8E6C}"
EndProject
Project("{9A19103F-16F7-4668-BE54-9A1E7A4F7556}") = "R5T.D0043.Base", "R5T.D0043.Base\R5T.D0043.Base.csproj", "{FBD1B857-0E12-42BF-9D83-232D28E4EBCD}"
EndProject
Project("{2150E333-8FDC-42A3-9474-1A3956D46DE8}") = "_Dependencies", "_Dependencies", "{2B4D5D34-9C5B-429C-8C83-81F84E78805E}"
EndProject
Project("{9A19103F-16F7-4668-BE54-9A1E7A4F7556}") = "R5T.T0010", "..\..\R5T.T0010\source\R5T.T0010\R5T.T0010.csproj", "{42779EB2-9951-4024-AF7C-78AD314C0FEB}"
EndProject
Project("{9A19103F-16F7-4668-BE54-9A1E7A4F7556}") = "R5T.Stagira", "..\..\R5T.Stagira\source\R5T.Stagira\R5T.Stagira.csproj", "{0E542591-BB42-4D50-A3E1-75E328C8A561}"
EndProject
Project("{9A19103F-16F7-4668-BE54-9A1E7A4F7556}") = "R5T.D0042.Base", "..\..\R5T.D0042\source\R5T.D0042.Base\R5T.D0042.Base.csproj", "{2753ABC7-4DE7-4880-A2AB-763657CA2FBD}"
EndProject
Project("{9A19103F-16F7-4668-BE54-9A1E7A4F7556}") = "R5T.D0043.Default", "R5T.D0043.Default\R5T.D0043.Default.csproj", "{D1254E9E-6F8F-4DFD-A167-97DD2421F898}"
EndProject
Project("{9A19103F-16F7-4668-BE54-9A1E7A4F7556}") = "R5T.D0042.Stagira", "..\..\R5T.D0042\source\R5T.D0042.Stagira\R5T.D0042.Stagira.csproj", "{DA36E119-1701-4F13-BB7E-7EF5DB168620}"
EndProject
Project("{9A19103F-16F7-4668-BE54-9A1E7A4F7556}") = "R5T.Magyar", "..\..\R5T.Magyar\source\R5T.Magyar\R5T.Magyar.csproj", "{4DCF8808-CA93-4BBB-AC64-3F7B1AEA5214}"
EndProject
Project("{9A19103F-16F7-4668-BE54-9A1E7A4F7556}") = "R5T.Dacia.Extensions", "..\..\R5T.Dacia.Extensions\source\R5T.Dacia.Extensions\R5T.Dacia.Extensions.csproj", "{468CB307-9DFC-4950-B313-68233176B8FF}"
EndProject
Project("{9A19103F-16F7-4668-BE54-9A1E7A4F7556}") = "R5T.Dacia", "..\..\R5T.Dacia\source\R5T.Dacia\R5T.Dacia.csproj", "{358D0605-8A23-449A-8E71-9BAA0BE70896}"
EndProject
Project("{9A19103F-16F7-4668-BE54-9A1E7A4F7556}") = "R5T.T0064", "..\..\R5T.T0064\source\R5T.T0064\R5T.T0064.csproj", "{B9BDF237-4F0E-4D25-8461-AA528D187C0A}"
EndProject
Project("{9A19103F-16F7-4668-BE54-9A1E7A4F7556}") = "R5T.D0044.Base", "..\..\R5T.D0044\source\R5T.D0044.Base\R5T.D0044.Base.csproj", "{D034B38D-912B-417A-B2F2-4D2FB3A31BAB}"
EndProject
Project("{9A19103F-16F7-4668-BE54-9A1E7A4F7556}") = "R5T.D0042.Default", "..\..\R5T.D0042\source\R5T.D0042.Default\R5T.D0042.Default.csproj", "{F87F4B22-C638-4E47-A957-DB160853C160}"
EndProject
Project("{9A19103F-16F7-4668-BE54-9A1E7A4F7556}") = "R5T.D0044.Default", "..\..\R5T.D0044\source\R5T.D0044.Default\R5T.D0044.Default.csproj", "{3E29351C-2D8B-47A8-8CE0-DB9E18EDC1C1}"
EndProject
Global
	GlobalSection(SolutionConfigurationPlatforms) = preSolution
		Debug|Any CPU = Debug|Any CPU
		Debug|x64 = Debug|x64
		Debug|x86 = Debug|x86
		Release|Any CPU = Release|Any CPU
		Release|x64 = Release|x64
		Release|x86 = Release|x86
	EndGlobalSection
	GlobalSection(ProjectConfigurationPlatforms) = postSolution
		{31E77793-0CC9-4DA6-8C35-65ED3A36926A}.Debug|Any CPU.ActiveCfg = Debug|Any CPU
		{31E77793-0CC9-4DA6-8C35-65ED3A36926A}.Debug|Any CPU.Build.0 = Debug|Any CPU
		{31E77793-0CC9-4DA6-8C35-65ED3A36926A}.Debug|x64.ActiveCfg = Debug|Any CPU
		{31E77793-0CC9-4DA6-8C35-65ED3A36926A}.Debug|x64.Build.0 = Debug|Any CPU
		{31E77793-0CC9-4DA6-8C35-65ED3A36926A}.Debug|x86.ActiveCfg = Debug|Any CPU
		{31E77793-0CC9-4DA6-8C35-65ED3A36926A}.Debug|x86.Build.0 = Debug|Any CPU
		{31E77793-0CC9-4DA6-8C35-65ED3A36926A}.Release|Any CPU.ActiveCfg = Release|Any CPU
		{31E77793-0CC9-4DA6-8C35-65ED3A36926A}.Release|Any CPU.Build.0 = Release|Any CPU
		{31E77793-0CC9-4DA6-8C35-65ED3A36926A}.Release|x64.ActiveCfg = Release|Any CPU
		{31E77793-0CC9-4DA6-8C35-65ED3A36926A}.Release|x64.Build.0 = Release|Any CPU
		{31E77793-0CC9-4DA6-8C35-65ED3A36926A}.Release|x86.ActiveCfg = Release|Any CPU
		{31E77793-0CC9-4DA6-8C35-65ED3A36926A}.Release|x86.Build.0 = Release|Any CPU
		{5A54C9D8-FB05-4C6B-A191-725DAFEC8E6C}.Debug|Any CPU.ActiveCfg = Debug|Any CPU
		{5A54C9D8-FB05-4C6B-A191-725DAFEC8E6C}.Debug|Any CPU.Build.0 = Debug|Any CPU
		{5A54C9D8-FB05-4C6B-A191-725DAFEC8E6C}.Debug|x64.ActiveCfg = Debug|Any CPU
		{5A54C9D8-FB05-4C6B-A191-725DAFEC8E6C}.Debug|x64.Build.0 = Debug|Any CPU
		{5A54C9D8-FB05-4C6B-A191-725DAFEC8E6C}.Debug|x86.ActiveCfg = Debug|Any CPU
		{5A54C9D8-FB05-4C6B-A191-725DAFEC8E6C}.Debug|x86.Build.0 = Debug|Any CPU
		{5A54C9D8-FB05-4C6B-A191-725DAFEC8E6C}.Release|Any CPU.ActiveCfg = Release|Any CPU
		{5A54C9D8-FB05-4C6B-A191-725DAFEC8E6C}.Release|Any CPU.Build.0 = Release|Any CPU
		{5A54C9D8-FB05-4C6B-A191-725DAFEC8E6C}.Release|x64.ActiveCfg = Release|Any CPU
		{5A54C9D8-FB05-4C6B-A191-725DAFEC8E6C}.Release|x64.Build.0 = Release|Any CPU
		{5A54C9D8-FB05-4C6B-A191-725DAFEC8E6C}.Release|x86.ActiveCfg = Release|Any CPU
		{5A54C9D8-FB05-4C6B-A191-725DAFEC8E6C}.Release|x86.Build.0 = Release|Any CPU
		{FBD1B857-0E12-42BF-9D83-232D28E4EBCD}.Debug|Any CPU.ActiveCfg = Debug|Any CPU
		{FBD1B857-0E12-42BF-9D83-232D28E4EBCD}.Debug|Any CPU.Build.0 = Debug|Any CPU
		{FBD1B857-0E12-42BF-9D83-232D28E4EBCD}.Debug|x64.ActiveCfg = Debug|Any CPU
		{FBD1B857-0E12-42BF-9D83-232D28E4EBCD}.Debug|x64.Build.0 = Debug|Any CPU
		{FBD1B857-0E12-42BF-9D83-232D28E4EBCD}.Debug|x86.ActiveCfg = Debug|Any CPU
		{FBD1B857-0E12-42BF-9D83-232D28E4EBCD}.Debug|x86.Build.0 = Debug|Any CPU
		{FBD1B857-0E12-42BF-9D83-232D28E4EBCD}.Release|Any CPU.ActiveCfg = Release|Any CPU
		{FBD1B857-0E12-42BF-9D83-232D28E4EBCD}.Release|Any CPU.Build.0 = Release|Any CPU
		{FBD1B857-0E12-42BF-9D83-232D28E4EBCD}.Release|x64.ActiveCfg = Release|Any CPU
		{FBD1B857-0E12-42BF-9D83-232D28E4EBCD}.Release|x64.Build.0 = Release|Any CPU
		{FBD1B857-0E12-42BF-9D83-232D28E4EBCD}.Release|x86.ActiveCfg = Release|Any CPU
		{FBD1B857-0E12-42BF-9D83-232D28E4EBCD}.Release|x86.Build.0 = Release|Any CPU
		{42779EB2-9951-4024-AF7C-78AD314C0FEB}.Debug|Any CPU.ActiveCfg = Debug|Any CPU
		{42779EB2-9951-4024-AF7C-78AD314C0FEB}.Debug|Any CPU.Build.0 = Debug|Any CPU
		{42779EB2-9951-4024-AF7C-78AD314C0FEB}.Debug|x64.ActiveCfg = Debug|Any CPU
		{42779EB2-9951-4024-AF7C-78AD314C0FEB}.Debug|x64.Build.0 = Debug|Any CPU
		{42779EB2-9951-4024-AF7C-78AD314C0FEB}.Debug|x86.ActiveCfg = Debug|Any CPU
		{42779EB2-9951-4024-AF7C-78AD314C0FEB}.Debug|x86.Build.0 = Debug|Any CPU
		{42779EB2-9951-4024-AF7C-78AD314C0FEB}.Release|Any CPU.ActiveCfg = Release|Any CPU
		{42779EB2-9951-4024-AF7C-78AD314C0FEB}.Release|Any CPU.Build.0 = Release|Any CPU
		{42779EB2-9951-4024-AF7C-78AD314C0FEB}.Release|x64.ActiveCfg = Release|Any CPU
		{42779EB2-9951-4024-AF7C-78AD314C0FEB}.Release|x64.Build.0 = Release|Any CPU
		{42779EB2-9951-4024-AF7C-78AD314C0FEB}.Release|x86.ActiveCfg = Release|Any CPU
		{42779EB2-9951-4024-AF7C-78AD314C0FEB}.Release|x86.Build.0 = Release|Any CPU
		{0E542591-BB42-4D50-A3E1-75E328C8A561}.Debug|Any CPU.ActiveCfg = Debug|Any CPU
		{0E542591-BB42-4D50-A3E1-75E328C8A561}.Debug|Any CPU.Build.0 = Debug|Any CPU
		{0E542591-BB42-4D50-A3E1-75E328C8A561}.Debug|x64.ActiveCfg = Debug|Any CPU
		{0E542591-BB42-4D50-A3E1-75E328C8A561}.Debug|x64.Build.0 = Debug|Any CPU
		{0E542591-BB42-4D50-A3E1-75E328C8A561}.Debug|x86.ActiveCfg = Debug|Any CPU
		{0E542591-BB42-4D50-A3E1-75E328C8A561}.Debug|x86.Build.0 = Debug|Any CPU
		{0E542591-BB42-4D50-A3E1-75E328C8A561}.Release|Any CPU.ActiveCfg = Release|Any CPU
		{0E542591-BB42-4D50-A3E1-75E328C8A561}.Release|Any CPU.Build.0 = Release|Any CPU
		{0E542591-BB42-4D50-A3E1-75E328C8A561}.Release|x64.ActiveCfg = Release|Any CPU
		{0E542591-BB42-4D50-A3E1-75E328C8A561}.Release|x64.Build.0 = Release|Any CPU
		{0E542591-BB42-4D50-A3E1-75E328C8A561}.Release|x86.ActiveCfg = Release|Any CPU
		{0E542591-BB42-4D50-A3E1-75E328C8A561}.Release|x86.Build.0 = Release|Any CPU
		{2753ABC7-4DE7-4880-A2AB-763657CA2FBD}.Debug|Any CPU.ActiveCfg = Debug|Any CPU
		{2753ABC7-4DE7-4880-A2AB-763657CA2FBD}.Debug|Any CPU.Build.0 = Debug|Any CPU
		{2753ABC7-4DE7-4880-A2AB-763657CA2FBD}.Debug|x64.ActiveCfg = Debug|Any CPU
		{2753ABC7-4DE7-4880-A2AB-763657CA2FBD}.Debug|x64.Build.0 = Debug|Any CPU
		{2753ABC7-4DE7-4880-A2AB-763657CA2FBD}.Debug|x86.ActiveCfg = Debug|Any CPU
		{2753ABC7-4DE7-4880-A2AB-763657CA2FBD}.Debug|x86.Build.0 = Debug|Any CPU
		{2753ABC7-4DE7-4880-A2AB-763657CA2FBD}.Release|Any CPU.ActiveCfg = Release|Any CPU
		{2753ABC7-4DE7-4880-A2AB-763657CA2FBD}.Release|Any CPU.Build.0 = Release|Any CPU
		{2753ABC7-4DE7-4880-A2AB-763657CA2FBD}.Release|x64.ActiveCfg = Release|Any CPU
		{2753ABC7-4DE7-4880-A2AB-763657CA2FBD}.Release|x64.Build.0 = Release|Any CPU
		{2753ABC7-4DE7-4880-A2AB-763657CA2FBD}.Release|x86.ActiveCfg = Release|Any CPU
		{2753ABC7-4DE7-4880-A2AB-763657CA2FBD}.Release|x86.Build.0 = Release|Any CPU
		{D1254E9E-6F8F-4DFD-A167-97DD2421F898}.Debug|Any CPU.ActiveCfg = Debug|Any CPU
		{D1254E9E-6F8F-4DFD-A167-97DD2421F898}.Debug|Any CPU.Build.0 = Debug|Any CPU
		{D1254E9E-6F8F-4DFD-A167-97DD2421F898}.Debug|x64.ActiveCfg = Debug|Any CPU
		{D1254E9E-6F8F-4DFD-A167-97DD2421F898}.Debug|x64.Build.0 = Debug|Any CPU
		{D1254E9E-6F8F-4DFD-A167-97DD2421F898}.Debug|x86.ActiveCfg = Debug|Any CPU
		{D1254E9E-6F8F-4DFD-A167-97DD2421F898}.Debug|x86.Build.0 = Debug|Any CPU
		{D1254E9E-6F8F-4DFD-A167-97DD2421F898}.Release|Any CPU.ActiveCfg = Release|Any CPU
		{D1254E9E-6F8F-4DFD-A167-97DD2421F898}.Release|Any CPU.Build.0 = Release|Any CPU
		{D1254E9E-6F8F-4DFD-A167-97DD2421F898}.Release|x64.ActiveCfg = Release|Any CPU
		{D1254E9E-6F8F-4DFD-A167-97DD2421F898}.Release|x64.Build.0 = Release|Any CPU
		{D1254E9E-6F8F-4DFD-A167-97DD2421F898}.Release|x86.ActiveCfg = Release|Any CPU
		{D1254E9E-6F8F-4DFD-A167-97DD2421F898}.Release|x86.Build.0 = Release|Any CPU
		{DA36E119-1701-4F13-BB7E-7EF5DB168620}.Debug|Any CPU.ActiveCfg = Debug|Any CPU
		{DA36E119-1701-4F13-BB7E-7EF5DB168620}.Debug|Any CPU.Build.0 = Debug|Any CPU
		{DA36E119-1701-4F13-BB7E-7EF5DB168620}.Debug|x64.ActiveCfg = Debug|Any CPU
		{DA36E119-1701-4F13-BB7E-7EF5DB168620}.Debug|x64.Build.0 = Debug|Any CPU
		{DA36E119-1701-4F13-BB7E-7EF5DB168620}.Debug|x86.ActiveCfg = Debug|Any CPU
		{DA36E119-1701-4F13-BB7E-7EF5DB168620}.Debug|x86.Build.0 = Debug|Any CPU
		{DA36E119-1701-4F13-BB7E-7EF5DB168620}.Release|Any CPU.ActiveCfg = Release|Any CPU
		{DA36E119-1701-4F13-BB7E-7EF5DB168620}.Release|Any CPU.Build.0 = Release|Any CPU
		{DA36E119-1701-4F13-BB7E-7EF5DB168620}.Release|x64.ActiveCfg = Release|Any CPU
		{DA36E119-1701-4F13-BB7E-7EF5DB168620}.Release|x64.Build.0 = Release|Any CPU
		{DA36E119-1701-4F13-BB7E-7EF5DB168620}.Release|x86.ActiveCfg = Release|Any CPU
		{DA36E119-1701-4F13-BB7E-7EF5DB168620}.Release|x86.Build.0 = Release|Any CPU
		{4DCF8808-CA93-4BBB-AC64-3F7B1AEA5214}.Debug|Any CPU.ActiveCfg = Debug|Any CPU
		{4DCF8808-CA93-4BBB-AC64-3F7B1AEA5214}.Debug|Any CPU.Build.0 = Debug|Any CPU
		{4DCF8808-CA93-4BBB-AC64-3F7B1AEA5214}.Debug|x64.ActiveCfg = Debug|Any CPU
		{4DCF8808-CA93-4BBB-AC64-3F7B1AEA5214}.Debug|x64.Build.0 = Debug|Any CPU
		{4DCF8808-CA93-4BBB-AC64-3F7B1AEA5214}.Debug|x86.ActiveCfg = Debug|Any CPU
		{4DCF8808-CA93-4BBB-AC64-3F7B1AEA5214}.Debug|x86.Build.0 = Debug|Any CPU
		{4DCF8808-CA93-4BBB-AC64-3F7B1AEA5214}.Release|Any CPU.ActiveCfg = Release|Any CPU
		{4DCF8808-CA93-4BBB-AC64-3F7B1AEA5214}.Release|Any CPU.Build.0 = Release|Any CPU
		{4DCF8808-CA93-4BBB-AC64-3F7B1AEA5214}.Release|x64.ActiveCfg = Release|Any CPU
		{4DCF8808-CA93-4BBB-AC64-3F7B1AEA5214}.Release|x64.Build.0 = Release|Any CPU
		{4DCF8808-CA93-4BBB-AC64-3F7B1AEA5214}.Release|x86.ActiveCfg = Release|Any CPU
		{4DCF8808-CA93-4BBB-AC64-3F7B1AEA5214}.Release|x86.Build.0 = Release|Any CPU
		{468CB307-9DFC-4950-B313-68233176B8FF}.Debug|Any CPU.ActiveCfg = Debug|Any CPU
		{468CB307-9DFC-4950-B313-68233176B8FF}.Debug|Any CPU.Build.0 = Debug|Any CPU
		{468CB307-9DFC-4950-B313-68233176B8FF}.Debug|x64.ActiveCfg = Debug|Any CPU
		{468CB307-9DFC-4950-B313-68233176B8FF}.Debug|x64.Build.0 = Debug|Any CPU
		{468CB307-9DFC-4950-B313-68233176B8FF}.Debug|x86.ActiveCfg = Debug|Any CPU
		{468CB307-9DFC-4950-B313-68233176B8FF}.Debug|x86.Build.0 = Debug|Any CPU
		{468CB307-9DFC-4950-B313-68233176B8FF}.Release|Any CPU.ActiveCfg = Release|Any CPU
		{468CB307-9DFC-4950-B313-68233176B8FF}.Release|Any CPU.Build.0 = Release|Any CPU
		{468CB307-9DFC-4950-B313-68233176B8FF}.Release|x64.ActiveCfg = Release|Any CPU
		{468CB307-9DFC-4950-B313-68233176B8FF}.Release|x64.Build.0 = Release|Any CPU
		{468CB307-9DFC-4950-B313-68233176B8FF}.Release|x86.ActiveCfg = Release|Any CPU
		{468CB307-9DFC-4950-B313-68233176B8FF}.Release|x86.Build.0 = Release|Any CPU
		{358D0605-8A23-449A-8E71-9BAA0BE70896}.Debug|Any CPU.ActiveCfg = Debug|Any CPU
		{358D0605-8A23-449A-8E71-9BAA0BE70896}.Debug|Any CPU.Build.0 = Debug|Any CPU
		{358D0605-8A23-449A-8E71-9BAA0BE70896}.Debug|x64.ActiveCfg = Debug|Any CPU
		{358D0605-8A23-449A-8E71-9BAA0BE70896}.Debug|x64.Build.0 = Debug|Any CPU
		{358D0605-8A23-449A-8E71-9BAA0BE70896}.Debug|x86.ActiveCfg = Debug|Any CPU
		{358D0605-8A23-449A-8E71-9BAA0BE70896}.Debug|x86.Build.0 = Debug|Any CPU
		{358D0605-8A23-449A-8E71-9BAA0BE70896}.Release|Any CPU.ActiveCfg = Release|Any CPU
		{358D0605-8A23-449A-8E71-9BAA0BE70896}.Release|Any CPU.Build.0 = Release|Any CPU
		{358D0605-8A23-449A-8E71-9BAA0BE70896}.Release|x64.ActiveCfg = Release|Any CPU
		{358D0605-8A23-449A-8E71-9BAA0BE70896}.Release|x64.Build.0 = Release|Any CPU
		{358D0605-8A23-449A-8E71-9BAA0BE70896}.Release|x86.ActiveCfg = Release|Any CPU
		{358D0605-8A23-449A-8E71-9BAA0BE70896}.Release|x86.Build.0 = Release|Any CPU
		{B9BDF237-4F0E-4D25-8461-AA528D187C0A}.Debug|Any CPU.ActiveCfg = Debug|Any CPU
		{B9BDF237-4F0E-4D25-8461-AA528D187C0A}.Debug|Any CPU.Build.0 = Debug|Any CPU
		{B9BDF237-4F0E-4D25-8461-AA528D187C0A}.Debug|x64.ActiveCfg = Debug|Any CPU
		{B9BDF237-4F0E-4D25-8461-AA528D187C0A}.Debug|x64.Build.0 = Debug|Any CPU
		{B9BDF237-4F0E-4D25-8461-AA528D187C0A}.Debug|x86.ActiveCfg = Debug|Any CPU
		{B9BDF237-4F0E-4D25-8461-AA528D187C0A}.Debug|x86.Build.0 = Debug|Any CPU
		{B9BDF237-4F0E-4D25-8461-AA528D187C0A}.Release|Any CPU.ActiveCfg = Release|Any CPU
		{B9BDF237-4F0E-4D25-8461-AA528D187C0A}.Release|Any CPU.Build.0 = Release|Any CPU
		{B9BDF237-4F0E-4D25-8461-AA528D187C0A}.Release|x64.ActiveCfg = Release|Any CPU
		{B9BDF237-4F0E-4D25-8461-AA528D187C0A}.Release|x64.Build.0 = Release|Any CPU
		{B9BDF237-4F0E-4D25-8461-AA528D187C0A}.Release|x86.ActiveCfg = Release|Any CPU
		{B9BDF237-4F0E-4D25-8461-AA528D187C0A}.Release|x86.Build.0 = Release|Any CPU
		{D034B38D-912B-417A-B2F2-4D2FB3A31BAB}.Debug|Any CPU.ActiveCfg = Debug|Any CPU
		{D034B38D-912B-417A-B2F2-4D2FB3A31BAB}.Debug|Any CPU.Build.0 = Debug|Any CPU
		{D034B38D-912B-417A-B2F2-4D2FB3A31BAB}.Debug|x64.ActiveCfg = Debug|Any CPU
		{D034B38D-912B-417A-B2F2-4D2FB3A31BAB}.Debug|x64.Build.0 = Debug|Any CPU
		{D034B38D-912B-417A-B2F2-4D2FB3A31BAB}.Debug|x86.ActiveCfg = Debug|Any CPU
		{D034B38D-912B-417A-B2F2-4D2FB3A31BAB}.Debug|x86.Build.0 = Debug|Any CPU
		{D034B38D-912B-417A-B2F2-4D2FB3A31BAB}.Release|Any CPU.ActiveCfg = Release|Any CPU
		{D034B38D-912B-417A-B2F2-4D2FB3A31BAB}.Release|Any CPU.Build.0 = Release|Any CPU
		{D034B38D-912B-417A-B2F2-4D2FB3A31BAB}.Release|x64.ActiveCfg = Release|Any CPU
		{D034B38D-912B-417A-B2F2-4D2FB3A31BAB}.Release|x64.Build.0 = Release|Any CPU
		{D034B38D-912B-417A-B2F2-4D2FB3A31BAB}.Release|x86.ActiveCfg = Release|Any CPU
		{D034B38D-912B-417A-B2F2-4D2FB3A31BAB}.Release|x86.Build.0 = Release|Any CPU
		{F87F4B22-C638-4E47-A957-DB160853C160}.Debug|Any CPU.ActiveCfg = Debug|Any CPU
		{F87F4B22-C638-4E47-A957-DB160853C160}.Debug|Any CPU.Build.0 = Debug|Any CPU
		{F87F4B22-C638-4E47-A957-DB160853C160}.Debug|x64.ActiveCfg = Debug|Any CPU
		{F87F4B22-C638-4E47-A957-DB160853C160}.Debug|x64.Build.0 = Debug|Any CPU
		{F87F4B22-C638-4E47-A957-DB160853C160}.Debug|x86.ActiveCfg = Debug|Any CPU
		{F87F4B22-C638-4E47-A957-DB160853C160}.Debug|x86.Build.0 = Debug|Any CPU
		{F87F4B22-C638-4E47-A957-DB160853C160}.Release|Any CPU.ActiveCfg = Release|Any CPU
		{F87F4B22-C638-4E47-A957-DB160853C160}.Release|Any CPU.Build.0 = Release|Any CPU
		{F87F4B22-C638-4E47-A957-DB160853C160}.Release|x64.ActiveCfg = Release|Any CPU
		{F87F4B22-C638-4E47-A957-DB160853C160}.Release|x64.Build.0 = Release|Any CPU
		{F87F4B22-C638-4E47-A957-DB160853C160}.Release|x86.ActiveCfg = Release|Any CPU
		{F87F4B22-C638-4E47-A957-DB160853C160}.Release|x86.Build.0 = Release|Any CPU
		{3E29351C-2D8B-47A8-8CE0-DB9E18EDC1C1}.Debug|Any CPU.ActiveCfg = Debug|Any CPU
		{3E29351C-2D8B-47A8-8CE0-DB9E18EDC1C1}.Debug|Any CPU.Build.0 = Debug|Any CPU
		{3E29351C-2D8B-47A8-8CE0-DB9E18EDC1C1}.Debug|x64.ActiveCfg = Debug|Any CPU
		{3E29351C-2D8B-47A8-8CE0-DB9E18EDC1C1}.Debug|x64.Build.0 = Debug|Any CPU
		{3E29351C-2D8B-47A8-8CE0-DB9E18EDC1C1}.Debug|x86.ActiveCfg = Debug|Any CPU
		{3E29351C-2D8B-47A8-8CE0-DB9E18EDC1C1}.Debug|x86.Build.0 = Debug|Any CPU
		{3E29351C-2D8B-47A8-8CE0-DB9E18EDC1C1}.Release|Any CPU.ActiveCfg = Release|Any CPU
		{3E29351C-2D8B-47A8-8CE0-DB9E18EDC1C1}.Release|Any CPU.Build.0 = Release|Any CPU
		{3E29351C-2D8B-47A8-8CE0-DB9E18EDC1C1}.Release|x64.ActiveCfg = Release|Any CPU
		{3E29351C-2D8B-47A8-8CE0-DB9E18EDC1C1}.Release|x64.Build.0 = Release|Any CPU
		{3E29351C-2D8B-47A8-8CE0-DB9E18EDC1C1}.Release|x86.ActiveCfg = Release|Any CPU
		{3E29351C-2D8B-47A8-8CE0-DB9E18EDC1C1}.Release|x86.Build.0 = Release|Any CPU
	EndGlobalSection
	GlobalSection(SolutionProperties) = preSolution
		HideSolutionNode = FALSE
	EndGlobalSection
	GlobalSection(NestedProjects) = preSolution
		{42779EB2-9951-4024-AF7C-78AD314C0FEB} = {2B4D5D34-9C5B-429C-8C83-81F84E78805E}
		{0E542591-BB42-4D50-A3E1-75E328C8A561} = {2B4D5D34-9C5B-429C-8C83-81F84E78805E}
		{2753ABC7-4DE7-4880-A2AB-763657CA2FBD} = {2B4D5D34-9C5B-429C-8C83-81F84E78805E}
		{DA36E119-1701-4F13-BB7E-7EF5DB168620} = {2B4D5D34-9C5B-429C-8C83-81F84E78805E}
		{4DCF8808-CA93-4BBB-AC64-3F7B1AEA5214} = {2B4D5D34-9C5B-429C-8C83-81F84E78805E}
		{468CB307-9DFC-4950-B313-68233176B8FF} = {2B4D5D34-9C5B-429C-8C83-81F84E78805E}
		{358D0605-8A23-449A-8E71-9BAA0BE70896} = {2B4D5D34-9C5B-429C-8C83-81F84E78805E}
		{B9BDF237-4F0E-4D25-8461-AA528D187C0A} = {2B4D5D34-9C5B-429C-8C83-81F84E78805E}
		{D034B38D-912B-417A-B2F2-4D2FB3A31BAB} = {2B4D5D34-9C5B-429C-8C83-81F84E78805E}
		{F87F4B22-C638-4E47-A957-DB160853C160} = {2B4D5D34-9C5B-429C-8C83-81F84E78805E}
		{3E29351C-2D8B-47A8-8CE0-DB9E18EDC1C1} = {2B4D5D34-9C5B-429C-8C83-81F84E78805E}
	EndGlobalSection
	GlobalSection(ExtensibilityGlobals) = postSolution
		SolutionGuid = {1B8B70C1-0195-49DC-B514-97D9F06B22F9}
	EndGlobalSection
EndGlobal
