
Microsoft Visual Studio Solution File, Format Version 12.00
# Visual Studio Version 16
VisualStudioVersion = 16.0.30114.105
MinimumVisualStudioVersion = 10.0.40219.1
Project("{FAE04EC0-301F-11D3-BF4B-00C04F79EFBC}") = "R5T.D0043", "R5T.D0043\R5T.D0043.csproj", "{77191084-88ED-4100-ACBA-F8E86F58433E}"
EndProject
Project("{FAE04EC0-301F-11D3-BF4B-00C04F79EFBC}") = "R5T.D0043.Base", "R5T.D0043.Base\R5T.D0043.Base.csproj", "{CAC8BF3F-9E2D-4F9C-928D-DA85C51953B8}"
EndProject
Project("{FAE04EC0-301F-11D3-BF4B-00C04F79EFBC}") = "R5T.D0043.Construction", "R5T.D0043.Construction\R5T.D0043.Construction.csproj", "{8F1A1EC5-E4A7-406B-999C-1BC97B7F698A}"
EndProject
Project("{FAE04EC0-301F-11D3-BF4B-00C04F79EFBC}") = "R5T.D0043.Default", "R5T.D0043.Default\R5T.D0043.Default.csproj", "{071DD7B2-CD9C-4198-9756-F721DA4FE470}"
EndProject
Global
	GlobalSection(SolutionConfigurationPlatforms) = preSolution
		Debug|Any CPU = Debug|Any CPU
		Debug|x64 = Debug|x64
		Debug|x86 = Debug|x86
		Release|Any CPU = Release|Any CPU
		Release|x64 = Release|x64
		Release|x86 = Release|x86
	EndGlobalSection
	GlobalSection(SolutionProperties) = preSolution
		HideSolutionNode = FALSE
	EndGlobalSection
	GlobalSection(ProjectConfigurationPlatforms) = postSolution
		{77191084-88ED-4100-ACBA-F8E86F58433E}.Debug|Any CPU.ActiveCfg = Debug|Any CPU
		{77191084-88ED-4100-ACBA-F8E86F58433E}.Debug|Any CPU.Build.0 = Debug|Any CPU
		{77191084-88ED-4100-ACBA-F8E86F58433E}.Debug|x64.ActiveCfg = Debug|Any CPU
		{77191084-88ED-4100-ACBA-F8E86F58433E}.Debug|x64.Build.0 = Debug|Any CPU
		{77191084-88ED-4100-ACBA-F8E86F58433E}.Debug|x86.ActiveCfg = Debug|Any CPU
		{77191084-88ED-4100-ACBA-F8E86F58433E}.Debug|x86.Build.0 = Debug|Any CPU
		{77191084-88ED-4100-ACBA-F8E86F58433E}.Release|Any CPU.ActiveCfg = Release|Any CPU
		{77191084-88ED-4100-ACBA-F8E86F58433E}.Release|Any CPU.Build.0 = Release|Any CPU
		{77191084-88ED-4100-ACBA-F8E86F58433E}.Release|x64.ActiveCfg = Release|Any CPU
		{77191084-88ED-4100-ACBA-F8E86F58433E}.Release|x64.Build.0 = Release|Any CPU
		{77191084-88ED-4100-ACBA-F8E86F58433E}.Release|x86.ActiveCfg = Release|Any CPU
		{77191084-88ED-4100-ACBA-F8E86F58433E}.Release|x86.Build.0 = Release|Any CPU
		{CAC8BF3F-9E2D-4F9C-928D-DA85C51953B8}.Debug|Any CPU.ActiveCfg = Debug|Any CPU
		{CAC8BF3F-9E2D-4F9C-928D-DA85C51953B8}.Debug|Any CPU.Build.0 = Debug|Any CPU
		{CAC8BF3F-9E2D-4F9C-928D-DA85C51953B8}.Debug|x64.ActiveCfg = Debug|Any CPU
		{CAC8BF3F-9E2D-4F9C-928D-DA85C51953B8}.Debug|x64.Build.0 = Debug|Any CPU
		{CAC8BF3F-9E2D-4F9C-928D-DA85C51953B8}.Debug|x86.ActiveCfg = Debug|Any CPU
		{CAC8BF3F-9E2D-4F9C-928D-DA85C51953B8}.Debug|x86.Build.0 = Debug|Any CPU
		{CAC8BF3F-9E2D-4F9C-928D-DA85C51953B8}.Release|Any CPU.ActiveCfg = Release|Any CPU
		{CAC8BF3F-9E2D-4F9C-928D-DA85C51953B8}.Release|Any CPU.Build.0 = Release|Any CPU
		{CAC8BF3F-9E2D-4F9C-928D-DA85C51953B8}.Release|x64.ActiveCfg = Release|Any CPU
		{CAC8BF3F-9E2D-4F9C-928D-DA85C51953B8}.Release|x64.Build.0 = Release|Any CPU
		{CAC8BF3F-9E2D-4F9C-928D-DA85C51953B8}.Release|x86.ActiveCfg = Release|Any CPU
		{CAC8BF3F-9E2D-4F9C-928D-DA85C51953B8}.Release|x86.Build.0 = Release|Any CPU
		{8F1A1EC5-E4A7-406B-999C-1BC97B7F698A}.Debug|Any CPU.ActiveCfg = Debug|Any CPU
		{8F1A1EC5-E4A7-406B-999C-1BC97B7F698A}.Debug|Any CPU.Build.0 = Debug|Any CPU
		{8F1A1EC5-E4A7-406B-999C-1BC97B7F698A}.Debug|x64.ActiveCfg = Debug|Any CPU
		{8F1A1EC5-E4A7-406B-999C-1BC97B7F698A}.Debug|x64.Build.0 = Debug|Any CPU
		{8F1A1EC5-E4A7-406B-999C-1BC97B7F698A}.Debug|x86.ActiveCfg = Debug|Any CPU
		{8F1A1EC5-E4A7-406B-999C-1BC97B7F698A}.Debug|x86.Build.0 = Debug|Any CPU
		{8F1A1EC5-E4A7-406B-999C-1BC97B7F698A}.Release|Any CPU.ActiveCfg = Release|Any CPU
		{8F1A1EC5-E4A7-406B-999C-1BC97B7F698A}.Release|Any CPU.Build.0 = Release|Any CPU
		{8F1A1EC5-E4A7-406B-999C-1BC97B7F698A}.Release|x64.ActiveCfg = Release|Any CPU
		{8F1A1EC5-E4A7-406B-999C-1BC97B7F698A}.Release|x64.Build.0 = Release|Any CPU
		{8F1A1EC5-E4A7-406B-999C-1BC97B7F698A}.Release|x86.ActiveCfg = Release|Any CPU
		{8F1A1EC5-E4A7-406B-999C-1BC97B7F698A}.Release|x86.Build.0 = Release|Any CPU
		{071DD7B2-CD9C-4198-9756-F721DA4FE470}.Debug|Any CPU.ActiveCfg = Debug|Any CPU
		{071DD7B2-CD9C-4198-9756-F721DA4FE470}.Debug|Any CPU.Build.0 = Debug|Any CPU
		{071DD7B2-CD9C-4198-9756-F721DA4FE470}.Debug|x64.ActiveCfg = Debug|Any CPU
		{071DD7B2-CD9C-4198-9756-F721DA4FE470}.Debug|x64.Build.0 = Debug|Any CPU
		{071DD7B2-CD9C-4198-9756-F721DA4FE470}.Debug|x86.ActiveCfg = Debug|Any CPU
		{071DD7B2-CD9C-4198-9756-F721DA4FE470}.Debug|x86.Build.0 = Debug|Any CPU
		{071DD7B2-CD9C-4198-9756-F721DA4FE470}.Release|Any CPU.ActiveCfg = Release|Any CPU
		{071DD7B2-CD9C-4198-9756-F721DA4FE470}.Release|Any CPU.Build.0 = Release|Any CPU
		{071DD7B2-CD9C-4198-9756-F721DA4FE470}.Release|x64.ActiveCfg = Release|Any CPU
		{071DD7B2-CD9C-4198-9756-F721DA4FE470}.Release|x64.Build.0 = Release|Any CPU
		{071DD7B2-CD9C-4198-9756-F721DA4FE470}.Release|x86.ActiveCfg = Release|Any CPU
		{071DD7B2-CD9C-4198-9756-F721DA4FE470}.Release|x86.Build.0 = Release|Any CPU
	EndGlobalSection
EndGlobal
